
Microsoft Visual Studio Solution File, Format Version 12.00
# Visual Studio 15
VisualStudioVersion = 15.0.28307.421
MinimumVisualStudioVersion = 10.0.40219.1
Project("{FAE04EC0-301F-11D3-BF4B-00C04F79EFBC}") = "TDIN Project", "TDIN Project.csproj", "{293CCABB-9046-4156-8C3F-A5EBD8EB692E}"
EndProject
Global
	GlobalSection(SolutionConfigurationPlatforms) = preSolution
		Debug|Any CPU = Debug|Any CPU
		Release|Any CPU = Release|Any CPU
	EndGlobalSection
	GlobalSection(ProjectConfigurationPlatforms) = postSolution
		{293CCABB-9046-4156-8C3F-A5EBD8EB692E}.Debug|Any CPU.ActiveCfg = Debug|Any CPU
		{293CCABB-9046-4156-8C3F-A5EBD8EB692E}.Debug|Any CPU.Build.0 = Debug|Any CPU
		{293CCABB-9046-4156-8C3F-A5EBD8EB692E}.Release|Any CPU.ActiveCfg = Release|Any CPU
		{293CCABB-9046-4156-8C3F-A5EBD8EB692E}.Release|Any CPU.Build.0 = Release|Any CPU
	EndGlobalSection
	GlobalSection(SolutionProperties) = preSolution
		HideSolutionNode = FALSE
	EndGlobalSection
	GlobalSection(ExtensibilityGlobals) = postSolution
		SolutionGuid = {87F3E089-9BC4-4BC8-A004-4ECA9C1ED7C9}
	EndGlobalSection
EndGlobal
