
Microsoft Visual Studio Solution File, Format Version 12.00
# Visual Studio 15
VisualStudioVersion = 15.0.27004.2009
MinimumVisualStudioVersion = 10.0.40219.1
Project("{FAE04EC0-301F-11D3-BF4B-00C04F79EFBC}") = "Server", "Server\Server.csproj", "{A97D8EAE-7194-4575-A4D4-DA3E879DDBBB}"
EndProject
Project("{FAE04EC0-301F-11D3-BF4B-00C04F79EFBC}") = "Management", "Management\Management.csproj", "{24FEFE93-22D6-4C74-A7C5-AF35A0D93FFC}"
EndProject
Project("{FAE04EC0-301F-11D3-BF4B-00C04F79EFBC}") = "KitchenBar", "KitchenBar\KitchenBar.csproj", "{00E89586-E24B-48F7-9967-B9E689C5611A}"
EndProject
Project("{FAE04EC0-301F-11D3-BF4B-00C04F79EFBC}") = "DinningRoom", "DinningRoom\DinningRoom.csproj", "{7127887D-1DE6-4FE5-A306-8F0FEF805397}"
EndProject
Project("{FAE04EC0-301F-11D3-BF4B-00C04F79EFBC}") = "Models", "Models\Models.csproj", "{79B78762-9107-4D5A-AD95-D77FC7B25A61}"
EndProject
Global
	GlobalSection(SolutionConfigurationPlatforms) = preSolution
		Debug|Any CPU = Debug|Any CPU
		Release|Any CPU = Release|Any CPU
	EndGlobalSection
	GlobalSection(ProjectConfigurationPlatforms) = postSolution
		{A97D8EAE-7194-4575-A4D4-DA3E879DDBBB}.Debug|Any CPU.ActiveCfg = Debug|Any CPU
		{A97D8EAE-7194-4575-A4D4-DA3E879DDBBB}.Debug|Any CPU.Build.0 = Debug|Any CPU
		{A97D8EAE-7194-4575-A4D4-DA3E879DDBBB}.Release|Any CPU.ActiveCfg = Release|Any CPU
		{A97D8EAE-7194-4575-A4D4-DA3E879DDBBB}.Release|Any CPU.Build.0 = Release|Any CPU
		{24FEFE93-22D6-4C74-A7C5-AF35A0D93FFC}.Debug|Any CPU.ActiveCfg = Debug|Any CPU
		{24FEFE93-22D6-4C74-A7C5-AF35A0D93FFC}.Debug|Any CPU.Build.0 = Debug|Any CPU
		{24FEFE93-22D6-4C74-A7C5-AF35A0D93FFC}.Release|Any CPU.ActiveCfg = Release|Any CPU
		{24FEFE93-22D6-4C74-A7C5-AF35A0D93FFC}.Release|Any CPU.Build.0 = Release|Any CPU
		{00E89586-E24B-48F7-9967-B9E689C5611A}.Debug|Any CPU.ActiveCfg = Debug|Any CPU
		{00E89586-E24B-48F7-9967-B9E689C5611A}.Debug|Any CPU.Build.0 = Debug|Any CPU
		{00E89586-E24B-48F7-9967-B9E689C5611A}.Release|Any CPU.ActiveCfg = Release|Any CPU
		{00E89586-E24B-48F7-9967-B9E689C5611A}.Release|Any CPU.Build.0 = Release|Any CPU
		{7127887D-1DE6-4FE5-A306-8F0FEF805397}.Debug|Any CPU.ActiveCfg = Debug|Any CPU
		{7127887D-1DE6-4FE5-A306-8F0FEF805397}.Debug|Any CPU.Build.0 = Debug|Any CPU
		{7127887D-1DE6-4FE5-A306-8F0FEF805397}.Release|Any CPU.ActiveCfg = Release|Any CPU
		{7127887D-1DE6-4FE5-A306-8F0FEF805397}.Release|Any CPU.Build.0 = Release|Any CPU
		{79B78762-9107-4D5A-AD95-D77FC7B25A61}.Debug|Any CPU.ActiveCfg = Debug|Any CPU
		{79B78762-9107-4D5A-AD95-D77FC7B25A61}.Debug|Any CPU.Build.0 = Debug|Any CPU
		{79B78762-9107-4D5A-AD95-D77FC7B25A61}.Release|Any CPU.ActiveCfg = Release|Any CPU
		{79B78762-9107-4D5A-AD95-D77FC7B25A61}.Release|Any CPU.Build.0 = Release|Any CPU
	EndGlobalSection
	GlobalSection(SolutionProperties) = preSolution
		HideSolutionNode = FALSE
	EndGlobalSection
	GlobalSection(ExtensibilityGlobals) = postSolution
		SolutionGuid = {5AA3E36D-C8AB-438D-B3A0-7533C870E36C}
	EndGlobalSection
EndGlobal
