
Microsoft Visual Studio Solution File, Format Version 12.00
# Visual Studio 15
VisualStudioVersion = 15.0.27004.2009
MinimumVisualStudioVersion = 10.0.40219.1
Project("{9A19103F-16F7-4668-BE54-9A1E7A4F7556}") = "WebApp", "WebApp\WebApp.csproj", "{BE690239-30C7-4B1F-872B-554DE7CF307D}"
EndProject
Project("{FAE04EC0-301F-11D3-BF4B-00C04F79EFBC}") = "GUI_Warehouse", "GUI_Warehouse\GUI_Warehouse.csproj", "{6696A463-F717-416B-AD6A-32FD01C1480F}"
EndProject
Project("{FAE04EC0-301F-11D3-BF4B-00C04F79EFBC}") = "GUI_Store", "GUI_Store\GUI_Store.csproj", "{18AD0796-9A80-49BD-982E-896D3AC7E720}"
EndProject
Project("{FAE04EC0-301F-11D3-BF4B-00C04F79EFBC}") = "Common", "Common\Common.csproj", "{7ED186B9-D44F-44FF-89C7-D828FB2A4E39}"
EndProject
Global
	GlobalSection(SolutionConfigurationPlatforms) = preSolution
		Debug|Any CPU = Debug|Any CPU
		Release|Any CPU = Release|Any CPU
	EndGlobalSection
	GlobalSection(ProjectConfigurationPlatforms) = postSolution
		{BE690239-30C7-4B1F-872B-554DE7CF307D}.Debug|Any CPU.ActiveCfg = Debug|Any CPU
		{BE690239-30C7-4B1F-872B-554DE7CF307D}.Debug|Any CPU.Build.0 = Debug|Any CPU
		{BE690239-30C7-4B1F-872B-554DE7CF307D}.Release|Any CPU.ActiveCfg = Release|Any CPU
		{BE690239-30C7-4B1F-872B-554DE7CF307D}.Release|Any CPU.Build.0 = Release|Any CPU
		{6696A463-F717-416B-AD6A-32FD01C1480F}.Debug|Any CPU.ActiveCfg = Debug|Any CPU
		{6696A463-F717-416B-AD6A-32FD01C1480F}.Debug|Any CPU.Build.0 = Debug|Any CPU
		{6696A463-F717-416B-AD6A-32FD01C1480F}.Release|Any CPU.ActiveCfg = Release|Any CPU
		{6696A463-F717-416B-AD6A-32FD01C1480F}.Release|Any CPU.Build.0 = Release|Any CPU
		{18AD0796-9A80-49BD-982E-896D3AC7E720}.Debug|Any CPU.ActiveCfg = Debug|Any CPU
		{18AD0796-9A80-49BD-982E-896D3AC7E720}.Debug|Any CPU.Build.0 = Debug|Any CPU
		{18AD0796-9A80-49BD-982E-896D3AC7E720}.Release|Any CPU.ActiveCfg = Release|Any CPU
		{18AD0796-9A80-49BD-982E-896D3AC7E720}.Release|Any CPU.Build.0 = Release|Any CPU
		{7ED186B9-D44F-44FF-89C7-D828FB2A4E39}.Debug|Any CPU.ActiveCfg = Debug|Any CPU
		{7ED186B9-D44F-44FF-89C7-D828FB2A4E39}.Debug|Any CPU.Build.0 = Debug|Any CPU
		{7ED186B9-D44F-44FF-89C7-D828FB2A4E39}.Release|Any CPU.ActiveCfg = Release|Any CPU
		{7ED186B9-D44F-44FF-89C7-D828FB2A4E39}.Release|Any CPU.Build.0 = Release|Any CPU
	EndGlobalSection
	GlobalSection(SolutionProperties) = preSolution
		HideSolutionNode = FALSE
	EndGlobalSection
	GlobalSection(ExtensibilityGlobals) = postSolution
		SolutionGuid = {7BE3FC38-DB41-410D-8BA5-D572E8017A1B}
	EndGlobalSection
EndGlobal
